
Microsoft Visual Studio Solution File, Format Version 12.00
# Visual Studio 2013
VisualStudioVersion = 12.0.31101.0
MinimumVisualStudioVersion = 10.0.40219.1
Project("{F184B08F-C81C-45F6-A57F-5ABD9991F28F}") = "Fibonacci", "Fibonacci\Fibonacci.vbproj", "{3F067F15-8B74-417E-939B-7E620E1A017F}"
EndProject
Project("{F184B08F-C81C-45F6-A57F-5ABD9991F28F}") = "FibonacciUnitTests", "FibonacciUnitTests\FibonacciUnitTests.vbproj", "{8CA9D25A-5491-4C7E-9440-0C317833727F}"
EndProject
Global
	GlobalSection(TeamFoundationVersionControl) = preSolution
		SccNumberOfProjects = 3
		SccEnterpriseProvider = {4CA58AB2-18FA-4F8D-95D4-32DDF27D184C}
		SccTeamFoundationServer = https://oscarcenteno.visualstudio.com/defaultcollection
		SccLocalPath0 = .
		SccProjectUniqueName1 = Fibonacci\\Fibonacci.vbproj
		SccProjectName1 = Fibonacci
		SccLocalPath1 = Fibonacci
		SccProjectUniqueName2 = FibonacciUnitTests\\FibonacciUnitTests.vbproj
		SccProjectName2 = FibonacciUnitTests
		SccLocalPath2 = FibonacciUnitTests
	EndGlobalSection
	GlobalSection(SolutionConfigurationPlatforms) = preSolution
		Debug|Any CPU = Debug|Any CPU
		Release|Any CPU = Release|Any CPU
	EndGlobalSection
	GlobalSection(ProjectConfigurationPlatforms) = postSolution
		{3F067F15-8B74-417E-939B-7E620E1A017F}.Debug|Any CPU.ActiveCfg = Debug|Any CPU
		{3F067F15-8B74-417E-939B-7E620E1A017F}.Debug|Any CPU.Build.0 = Debug|Any CPU
		{3F067F15-8B74-417E-939B-7E620E1A017F}.Release|Any CPU.ActiveCfg = Release|Any CPU
		{3F067F15-8B74-417E-939B-7E620E1A017F}.Release|Any CPU.Build.0 = Release|Any CPU
		{8CA9D25A-5491-4C7E-9440-0C317833727F}.Debug|Any CPU.ActiveCfg = Debug|Any CPU
		{8CA9D25A-5491-4C7E-9440-0C317833727F}.Debug|Any CPU.Build.0 = Debug|Any CPU
		{8CA9D25A-5491-4C7E-9440-0C317833727F}.Release|Any CPU.ActiveCfg = Release|Any CPU
		{8CA9D25A-5491-4C7E-9440-0C317833727F}.Release|Any CPU.Build.0 = Release|Any CPU
	EndGlobalSection
	GlobalSection(SolutionProperties) = preSolution
		HideSolutionNode = FALSE
	EndGlobalSection
EndGlobal
